
Microsoft Visual Studio Solution File, Format Version 12.00
# Visual Studio Version 17
VisualStudioVersion = 17.3.32922.545
MinimumVisualStudioVersion = 10.0.40219.1
Project("{9A19103F-16F7-4668-BE54-9A1E7A4F7556}") = "Daily.Essentials.WebService", "Daily-essentials\Daily.Essentials.WebService.csproj", "{6ABB3EBB-C949-4F07-9499-7EB64D76E471}"
EndProject
Project("{2150E333-8FDC-42A3-9474-1A3956D46DE8}") = "Core Service", "Core Service", "{FFEFED11-D575-463A-A7D0-2E1BEF5B73AC}"
EndProject
Project("{2150E333-8FDC-42A3-9474-1A3956D46DE8}") = "Web Service", "Web Service", "{8177BA4B-6939-4FD5-89F5-1EB9DEAA8E89}"
EndProject
Project("{9A19103F-16F7-4668-BE54-9A1E7A4F7556}") = "Application", "Application\Application.csproj", "{3683EF39-FF82-400C-977D-1BA77D730FEC}"
EndProject
Project("{9A19103F-16F7-4668-BE54-9A1E7A4F7556}") = "Infrastructure", "Infrastructure\Infrastructure.csproj", "{3B745531-3F15-4A19-A6A3-CA11150983AB}"
EndProject
Global
	GlobalSection(SolutionConfigurationPlatforms) = preSolution
		Debug|Any CPU = Debug|Any CPU
		Release|Any CPU = Release|Any CPU
	EndGlobalSection
	GlobalSection(ProjectConfigurationPlatforms) = postSolution
		{6ABB3EBB-C949-4F07-9499-7EB64D76E471}.Debug|Any CPU.ActiveCfg = Debug|Any CPU
		{6ABB3EBB-C949-4F07-9499-7EB64D76E471}.Debug|Any CPU.Build.0 = Debug|Any CPU
		{6ABB3EBB-C949-4F07-9499-7EB64D76E471}.Release|Any CPU.ActiveCfg = Release|Any CPU
		{6ABB3EBB-C949-4F07-9499-7EB64D76E471}.Release|Any CPU.Build.0 = Release|Any CPU
		{3683EF39-FF82-400C-977D-1BA77D730FEC}.Debug|Any CPU.ActiveCfg = Debug|Any CPU
		{3683EF39-FF82-400C-977D-1BA77D730FEC}.Debug|Any CPU.Build.0 = Debug|Any CPU
		{3683EF39-FF82-400C-977D-1BA77D730FEC}.Release|Any CPU.ActiveCfg = Release|Any CPU
		{3683EF39-FF82-400C-977D-1BA77D730FEC}.Release|Any CPU.Build.0 = Release|Any CPU
		{3B745531-3F15-4A19-A6A3-CA11150983AB}.Debug|Any CPU.ActiveCfg = Debug|Any CPU
		{3B745531-3F15-4A19-A6A3-CA11150983AB}.Debug|Any CPU.Build.0 = Debug|Any CPU
		{3B745531-3F15-4A19-A6A3-CA11150983AB}.Release|Any CPU.ActiveCfg = Release|Any CPU
		{3B745531-3F15-4A19-A6A3-CA11150983AB}.Release|Any CPU.Build.0 = Release|Any CPU
	EndGlobalSection
	GlobalSection(SolutionProperties) = preSolution
		HideSolutionNode = FALSE
	EndGlobalSection
	GlobalSection(NestedProjects) = preSolution
		{6ABB3EBB-C949-4F07-9499-7EB64D76E471} = {8177BA4B-6939-4FD5-89F5-1EB9DEAA8E89}
		{3683EF39-FF82-400C-977D-1BA77D730FEC} = {FFEFED11-D575-463A-A7D0-2E1BEF5B73AC}
		{3B745531-3F15-4A19-A6A3-CA11150983AB} = {FFEFED11-D575-463A-A7D0-2E1BEF5B73AC}
	EndGlobalSection
	GlobalSection(ExtensibilityGlobals) = postSolution
		SolutionGuid = {7835A76B-72BF-4B9B-B014-1690F69727B4}
	EndGlobalSection
EndGlobal
